
Microsoft Visual Studio Solution File, Format Version 12.00
# Visual Studio Version 17
VisualStudioVersion = 17.11.35327.3
MinimumVisualStudioVersion = 10.0.40219.1
Project("{FAE04EC0-301F-11D3-BF4B-00C04F79EFBC}") = "DotnetMicroservice.ToDos.WebAPI", "DotnetMicroservice.ToDos.WebAPI\DotnetMicroservice.ToDos.WebAPI.csproj", "{70DA7428-C813-42DF-8365-E4D1C3E907B3}"
EndProject
Project("{FAE04EC0-301F-11D3-BF4B-00C04F79EFBC}") = "DotnetMicroservice.Categories.WebAPI", "DotnetMicroservice.Categories.WebAPI\DotnetMicroservice.Categories.WebAPI.csproj", "{069E752D-DAED-44B2-848A-3520C6489EF5}"
EndProject
Global
	GlobalSection(SolutionConfigurationPlatforms) = preSolution
		Debug|Any CPU = Debug|Any CPU
		Release|Any CPU = Release|Any CPU
	EndGlobalSection
	GlobalSection(ProjectConfigurationPlatforms) = postSolution
		{70DA7428-C813-42DF-8365-E4D1C3E907B3}.Debug|Any CPU.ActiveCfg = Debug|Any CPU
		{70DA7428-C813-42DF-8365-E4D1C3E907B3}.Debug|Any CPU.Build.0 = Debug|Any CPU
		{70DA7428-C813-42DF-8365-E4D1C3E907B3}.Release|Any CPU.ActiveCfg = Release|Any CPU
		{70DA7428-C813-42DF-8365-E4D1C3E907B3}.Release|Any CPU.Build.0 = Release|Any CPU
		{069E752D-DAED-44B2-848A-3520C6489EF5}.Debug|Any CPU.ActiveCfg = Debug|Any CPU
		{069E752D-DAED-44B2-848A-3520C6489EF5}.Debug|Any CPU.Build.0 = Debug|Any CPU
		{069E752D-DAED-44B2-848A-3520C6489EF5}.Release|Any CPU.ActiveCfg = Release|Any CPU
		{069E752D-DAED-44B2-848A-3520C6489EF5}.Release|Any CPU.Build.0 = Release|Any CPU
	EndGlobalSection
	GlobalSection(SolutionProperties) = preSolution
		HideSolutionNode = FALSE
	EndGlobalSection
	GlobalSection(ExtensibilityGlobals) = postSolution
		SolutionGuid = {77B706C8-BA7A-4B49-8E50-7E075B55E071}
	EndGlobalSection
EndGlobal
